
Microsoft Visual Studio Solution File, Format Version 12.00
# Visual Studio Version 17
VisualStudioVersion = 17.8.34511.84
MinimumVisualStudioVersion = 10.0.40219.1
Project("{FAE04EC0-301F-11D3-BF4B-00C04F79EFBC}") = "ConsoleApp1", "ConsoleApp1.csproj", "{6C67E437-14A2-494F-87FD-9F82C280D38D}"
EndProject
Global
	GlobalSection(SolutionConfigurationPlatforms) = preSolution
		Debug|Any CPU = Debug|Any CPU
		Release|Any CPU = Release|Any CPU
	EndGlobalSection
	GlobalSection(ProjectConfigurationPlatforms) = postSolution
		{6C67E437-14A2-494F-87FD-9F82C280D38D}.Debug|Any CPU.ActiveCfg = Debug|Any CPU
		{6C67E437-14A2-494F-87FD-9F82C280D38D}.Debug|Any CPU.Build.0 = Debug|Any CPU
		{6C67E437-14A2-494F-87FD-9F82C280D38D}.Release|Any CPU.ActiveCfg = Release|Any CPU
		{6C67E437-14A2-494F-87FD-9F82C280D38D}.Release|Any CPU.Build.0 = Release|Any CPU
	EndGlobalSection
	GlobalSection(SolutionProperties) = preSolution
		HideSolutionNode = FALSE
	EndGlobalSection
	GlobalSection(ExtensibilityGlobals) = postSolution
		SolutionGuid = {AA8496C3-24D5-4AE6-A473-ECF066B5C7A5}
	EndGlobalSection
EndGlobal
